// !$*UTF8*$!
{
	archiveVersion = 1;
	classes = {
	};
	objectVersion = 77;
	objects = {

/* Begin PBXContainerItemProxy section */
		7E7B70FF2DD24370002A80F4 /* PBXContainerItemProxy */ = {
			isa = PBXContainerItemProxy;
			containerPortal = 7E7B70E72DD2436E002A80F4 /* Project object */;
			proxyType = 1;
			remoteGlobalIDString = 7E7B70EE2DD2436E002A80F4;
			remoteInfo = MyMarkDemo;
		};
		7E7B71092DD24370002A80F4 /* PBXContainerItemProxy */ = {
			isa = PBXContainerItemProxy;
			containerPortal = 7E7B70E72DD2436E002A80F4 /* Project object */;
			proxyType = 1;
			remoteGlobalIDString = 7E7B70EE2DD2436E002A80F4;
			remoteInfo = MyMarkDemo;
		};
/* End PBXContainerItemProxy section */

/* Begin PBXFileReference section */
		7E7B70EF2DD2436E002A80F4 /* MyMarkDemo.app */ = {isa = PBXFileReference; explicitFileType = wrapper.application; includeInIndex = 0; path = MyMarkDemo.app; sourceTree = BUILT_PRODUCTS_DIR; };
		7E7B70FE2DD24370002A80F4 /* MyMarkDemoTests.xctest */ = {isa = PBXFileReference; explicitFileType = wrapper.cfbundle; includeInIndex = 0; path = MyMarkDemoTests.xctest; sourceTree = BUILT_PRODUCTS_DIR; };
		7E7B71082DD24370002A80F4 /* MyMarkDemoUITests.xctest */ = {isa = PBXFileReference; explicitFileType = wrapper.cfbundle; includeInIndex = 0; path = MyMarkDemoUITests.xctest; sourceTree = BUILT_PRODUCTS_DIR; };
/* End PBXFileReference section */

/* Begin PBXFileSystemSynchronizedRootGroup section */
		7E7B70F12DD2436E002A80F4 /* MyMarkDemo */ = {
			isa = PBXFileSystemSynchronizedRootGroup;
			path = MyMarkDemo;
			sourceTree = "<group>";
		};
		7E7B71012DD24370002A80F4 /* MyMarkDemoTests */ = {
			isa = PBXFileSystemSynchronizedRootGroup;
			path = MyMarkDemoTests;
			sourceTree = "<group>";
		};
		7E7B710B2DD24370002A80F4 /* MyMarkDemoUITests */ = {
			isa = PBXFileSystemSynchronizedRootGroup;
			path = MyMarkDemoUITests;
			sourceTree = "<group>";
		};
/* End PBXFileSystemSynchronizedRootGroup section */

/* Begin PBXFrameworksBuildPhase section */
		7E7B70EC2DD2436E002A80F4 /* Frameworks */ = {
			isa = PBXFrameworksBuildPhase;
			buildActionMask = 2147483647;
			files = (
			);
			runOnlyForDeploymentPostprocessing = 0;
		};
		7E7B70FB2DD24370002A80F4 /* Frameworks */ = {
			isa = PBXFrameworksBuildPhase;
			buildActionMask = 2147483647;
			files = (
			);
			runOnlyForDeploymentPostprocessing = 0;
		};
		7E7B71052DD24370002A80F4 /* Frameworks */ = {
			isa = PBXFrameworksBuildPhase;
			buildActionMask = 2147483647;
			files = (
			);
			runOnlyForDeploymentPostprocessing = 0;
		};
/* End PBXFrameworksBuildPhase section */

/* Begin PBXGroup section */
		7E7B70E62DD2436E002A80F4 = {
			isa = PBXGroup;
			children = (
				7E7B70F12DD2436E002A80F4 /* MyMarkDemo */,
				7E7B71012DD24370002A80F4 /* MyMarkDemoTests */,
				7E7B710B2DD24370002A80F4 /* MyMarkDemoUITests */,
				7E7B70F02DD2436E002A80F4 /* Products */,
			);
			sourceTree = "<group>";
		};
		7E7B70F02DD2436E002A80F4 /* Products */ = {
			isa = PBXGroup;
			children = (
				7E7B70EF2DD2436E002A80F4 /* MyMarkDemo.app */,
				7E7B70FE2DD24370002A80F4 /* MyMarkDemoTests.xctest */,
				7E7B71082DD24370002A80F4 /* MyMarkDemoUITests.xctest */,
			);
			name = Products;
			sourceTree = "<group>";
		};
/* End PBXGroup section */

/* Begin PBXNativeTarget section */
		7E7B70EE2DD2436E002A80F4 /* MyMarkDemo */ = {
			isa = PBXNativeTarget;
			buildConfigurationList = 7E7B71122DD24370002A80F4 /* Build configuration list for PBXNativeTarget "MyMarkDemo" */;
			buildPhases = (
				7E7B70EB2DD2436E002A80F4 /* Sources */,
				7E7B70EC2DD2436E002A80F4 /* Frameworks */,
				7E7B70ED2DD2436E002A80F4 /* Resources */,
			);
			buildRules = (
			);
			dependencies = (
			);
			fileSystemSynchronizedGroups = (
				7E7B70F12DD2436E002A80F4 /* MyMarkDemo */,
			);
			name = MyMarkDemo;
			packageProductDependencies = (
			);
			productName = MyMarkDemo;
			productReference = 7E7B70EF2DD2436E002A80F4 /* MyMarkDemo.app */;
			productType = "com.apple.product-type.application";
		};
		7E7B70FD2DD24370002A80F4 /* MyMarkDemoTests */ = {
			isa = PBXNativeTarget;
			buildConfigurationList = 7E7B71152DD24370002A80F4 /* Build configuration list for PBXNativeTarget "MyMarkDemoTests" */;
			buildPhases = (
				7E7B70FA2DD24370002A80F4 /* Sources */,
				7E7B70FB2DD24370002A80F4 /* Frameworks */,
				7E7B70FC2DD24370002A80F4 /* Resources */,
			);
			buildRules = (
			);
			dependencies = (
				7E7B71002DD24370002A80F4 /* PBXTargetDependency */,
			);
			fileSystemSynchronizedGroups = (
				7E7B71012DD24370002A80F4 /* MyMarkDemoTests */,
			);
			name = MyMarkDemoTests;
			packageProductDependencies = (
			);
			productName = MyMarkDemoTests;
			productReference = 7E7B70FE2DD24370002A80F4 /* MyMarkDemoTests.xctest */;
			productType = "com.apple.product-type.bundle.unit-test";
		};
		7E7B71072DD24370002A80F4 /* MyMarkDemoUITests */ = {
			isa = PBXNativeTarget;
			buildConfigurationList = 7E7B71182DD24370002A80F4 /* Build configuration list for PBXNativeTarget "MyMarkDemoUITests" */;
			buildPhases = (
				7E7B71042DD24370002A80F4 /* Sources */,
				7E7B71052DD24370002A80F4 /* Frameworks */,
				7E7B71062DD24370002A80F4 /* Resources */,
			);
			buildRules = (
			);
			dependencies = (
				7E7B710A2DD24370002A80F4 /* PBXTargetDependency */,
			);
			fileSystemSynchronizedGroups = (
				7E7B710B2DD24370002A80F4 /* MyMarkDemoUITests */,
			);
			name = MyMarkDemoUITests;
			packageProductDependencies = (
			);
			productName = MyMarkDemoUITests;
			productReference = 7E7B71082DD24370002A80F4 /* MyMarkDemoUITests.xctest */;
			productType = "com.apple.product-type.bundle.ui-testing";
		};
/* End PBXNativeTarget section */

/* Begin PBXProject section */
		7E7B70E72DD2436E002A80F4 /* Project object */ = {
			isa = PBXProject;
			attributes = {
				BuildIndependentTargetsInParallel = 1;
				LastSwiftUpdateCheck = 1630;
				LastUpgradeCheck = 1630;
				TargetAttributes = {
					7E7B70EE2DD2436E002A80F4 = {
						CreatedOnToolsVersion = 16.3;
					};
					7E7B70FD2DD24370002A80F4 = {
						CreatedOnToolsVersion = 16.3;
						TestTargetID = 7E7B70EE2DD2436E002A80F4;
					};
					7E7B71072DD24370002A80F4 = {
						CreatedOnToolsVersion = 16.3;
						TestTargetID = 7E7B70EE2DD2436E002A80F4;
					};
				};
			};
			buildConfigurationList = 7E7B70EA2DD2436E002A80F4 /* Build configuration list for PBXProject "MyMarkDemo" */;
			developmentRegion = en;
			hasScannedForEncodings = 0;
			knownRegions = (
				en,
				Base,
			);
			mainGroup = 7E7B70E62DD2436E002A80F4;
			minimizedProjectReferenceProxies = 1;
			preferredProjectObjectVersion = 77;
			productRefGroup = 7E7B70F02DD2436E002A80F4 /* Products */;
			projectDirPath = "";
			projectRoot = "";
			targets = (
				7E7B70EE2DD2436E002A80F4 /* MyMarkDemo */,
				7E7B70FD2DD24370002A80F4 /* MyMarkDemoTests */,
				7E7B71072DD24370002A80F4 /* MyMarkDemoUITests */,
			);
		};
/* End PBXProject section */

/* Begin PBXResourcesBuildPhase section */
		7E7B70ED2DD2436E002A80F4 /* Resources */ = {
			isa = PBXResourcesBuildPhase;
			buildActionMask = 2147483647;
			files = (
			);
			runOnlyForDeploymentPostprocessing = 0;
		};
		7E7B70FC2DD24370002A80F4 /* Resources */ = {
			isa = PBXResourcesBuildPhase;
			buildActionMask = 2147483647;
			files = (
			);
			runOnlyForDeploymentPostprocessing = 0;
		};
		7E7B71062DD24370002A80F4 /* Resources */ = {
			isa = PBXResourcesBuildPhase;
			buildActionMask = 2147483647;
			files = (
			);
			runOnlyForDeploymentPostprocessing = 0;
		};
/* End PBXResourcesBuildPhase section */

/* Begin PBXSourcesBuildPhase section */
		7E7B70EB2DD2436E002A80F4 /* Sources */ = {
			isa = PBXSourcesBuildPhase;
			buildActionMask = 2147483647;
			files = (
			);
			runOnlyForDeploymentPostprocessing = 0;
		};
		7E7B70FA2DD24370002A80F4 /* Sources */ = {
			isa = PBXSourcesBuildPhase;
			buildActionMask = 2147483647;
			files = (
			);
			runOnlyForDeploymentPostprocessing = 0;
		};
		7E7B71042DD24370002A80F4 /* Sources */ = {
			isa = PBXSourcesBuildPhase;
			buildActionMask = 2147483647;
			files = (
			);
			runOnlyForDeploymentPostprocessing = 0;
		};
/* End PBXSourcesBuildPhase section */

/* Begin PBXTargetDependency section */
		7E7B71002DD24370002A80F4 /* PBXTargetDependency */ = {
			isa = PBXTargetDependency;
			target = 7E7B70EE2DD2436E002A80F4 /* MyMarkDemo */;
			targetProxy = 7E7B70FF2DD24370002A80F4 /* PBXContainerItemProxy */;
		};
		7E7B710A2DD24370002A80F4 /* PBXTargetDependency */ = {
			isa = PBXTargetDependency;
			target = 7E7B70EE2DD2436E002A80F4 /* MyMarkDemo */;
			targetProxy = 7E7B71092DD24370002A80F4 /* PBXContainerItemProxy */;
		};
/* End PBXTargetDependency section */

/* Begin XCBuildConfiguration section */
		7E7B71102DD24370002A80F4 /* Debug */ = {
			isa = XCBuildConfiguration;
			buildSettings = {
				ALWAYS_SEARCH_USER_PATHS = NO;
				ASSETCATALOG_COMPILER_GENERATE_SWIFT_ASSET_SYMBOL_EXTENSIONS = YES;
				CLANG_ANALYZER_NONNULL = YES;
				CLANG_ANALYZER_NUMBER_OBJECT_CONVERSION = YES_AGGRESSIVE;
				CLANG_CXX_LANGUAGE_STANDARD = "gnu++20";
				CLANG_ENABLE_MODULES = YES;
				CLANG_ENABLE_OBJC_ARC = YES;
				CLANG_ENABLE_OBJC_WEAK = YES;
				CLANG_WARN_BLOCK_CAPTURE_AUTORELEASING = YES;
				CLANG_WARN_BOOL_CONVERSION = YES;
				CLANG_WARN_COMMA = YES;
				CLANG_WARN_CONSTANT_CONVERSION = YES;
				CLANG_WARN_DEPRECATED_OBJC_IMPLEMENTATIONS = YES;
				CLANG_WARN_DIRECT_OBJC_ISA_USAGE = YES_ERROR;
				CLANG_WARN_DOCUMENTATION_COMMENTS = YES;
				CLANG_WARN_EMPTY_BODY = YES;
				CLANG_WARN_ENUM_CONVERSION = YES;
				CLANG_WARN_INFINITE_RECURSION = YES;
				CLANG_WARN_INT_CONVERSION = YES;
				CLANG_WARN_NON_LITERAL_NULL_CONVERSION = YES;
				CLANG_WARN_OBJC_IMPLICIT_RETAIN_SELF = YES;
				CLANG_WARN_OBJC_LITERAL_CONVERSION = YES;
				CLANG_WARN_OBJC_ROOT_CLASS = YES_ERROR;
				CLANG_WARN_QUOTED_INCLUDE_IN_FRAMEWORK_HEADER = YES;
				CLANG_WARN_RANGE_LOOP_ANALYSIS = YES;
				CLANG_WARN_STRICT_PROTOTYPES = YES;
				CLANG_WARN_SUSPICIOUS_MOVE = YES;
				CLANG_WARN_UNGUARDED_AVAILABILITY = YES_AGGRESSIVE;
				CLANG_WARN_UNREACHABLE_CODE = YES;
				CLANG_WARN__DUPLICATE_METHOD_MATCH = YES;
				COPY_PHASE_STRIP = NO;
				DEBUG_INFORMATION_FORMAT = dwarf;
				ENABLE_STRICT_OBJC_MSGSEND = YES;
				ENABLE_TESTABILITY = YES;
				ENABLE_USER_SCRIPT_SANDBOXING = YES;
				GCC_C_LANGUAGE_STANDARD = gnu17;
				GCC_DYNAMIC_NO_PIC = NO;
				GCC_NO_COMMON_BLOCKS = YES;
				GCC_OPTIMIZATION_LEVEL = 0;
				GCC_PREPROCESSOR_DEFINITIONS = (
					"DEBUG=1",
					"$(inherited)",
				);
				GCC_WARN_64_TO_32_BIT_CONVERSION = YES;
				GCC_WARN_ABOUT_RETURN_TYPE = YES_ERROR;
				GCC_WARN_UNDECLARED_SELECTOR = YES;
				GCC_WARN_UNINITIALIZED_AUTOS = YES_AGGRESSIVE;
				GCC_WARN_UNUSED_FUNCTION = YES;
				GCC_WARN_UNUSED_VARIABLE = YES;
				IPHONEOS_DEPLOYMENT_TARGET = 18.4;
				LOCALIZATION_PREFERS_STRING_CATALOGS = YES;
				MTL_ENABLE_DEBUG_INFO = INCLUDE_SOURCE;
				MTL_FAST_MATH = YES;
				ONLY_ACTIVE_ARCH = YES;
				SDKROOT = iphoneos;
				SWIFT_ACTIVE_COMPILATION_CONDITIONS = "DEBUG $(inherited)";
				SWIFT_OPTIMIZATION_LEVEL = "-Onone";
			};
			name = Debug;
		};
		7E7B71112DD24370002A80F4 /* Release */ = {
			isa = XCBuildConfiguration;
			buildSettings = {
				ALWAYS_SEARCH_USER_PATHS = NO;
				ASSETCATALOG_COMPILER_GENERATE_SWIFT_ASSET_SYMBOL_EXTENSIONS = YES;
				CLANG_ANALYZER_NONNULL = YES;
				CLANG_ANALYZER_NUMBER_OBJECT_CONVERSION = YES_AGGRESSIVE;
				CLANG_CXX_LANGUAGE_STANDARD = "gnu++20";
				CLANG_ENABLE_MODULES = YES;
				CLANG_ENABLE_OBJC_ARC = YES;
				CLANG_ENABLE_OBJC_WEAK = YES;
				CLANG_WARN_BLOCK_CAPTURE_AUTORELEASING = YES;
				CLANG_WARN_BOOL_CONVERSION = YES;
				CLANG_WARN_COMMA = YES;
				CLANG_WARN_CONSTANT_CONVERSION = YES;
				CLANG_WARN_DEPRECATED_OBJC_IMPLEMENTATIONS = YES;
				CLANG_WARN_DIRECT_OBJC_ISA_USAGE = YES_ERROR;
				CLANG_WARN_DOCUMENTATION_COMMENTS = YES;
				CLANG_WARN_EMPTY_BODY = YES;
				CLANG_WARN_ENUM_CONVERSION = YES;
				CLANG_WARN_INFINITE_RECURSION = YES;
				CLANG_WARN_INT_CONVERSION = YES;
				CLANG_WARN_NON_LITERAL_NULL_CONVERSION = YES;
				CLANG_WARN_OBJC_IMPLICIT_RETAIN_SELF = YES;
				CLANG_WARN_OBJC_LITERAL_CONVERSION = YES;
				CLANG_WARN_OBJC_ROOT_CLASS = YES_ERROR;
				CLANG_WARN_QUOTED_INCLUDE_IN_FRAMEWORK_HEADER = YES;
				CLANG_WARN_RANGE_LOOP_ANALYSIS = YES;
				CLANG_WARN_STRICT_PROTOTYPES = YES;
				CLANG_WARN_SUSPICIOUS_MOVE = YES;
				CLANG_WARN_UNGUARDED_AVAILABILITY = YES_AGGRESSIVE;
				CLANG_WARN_UNREACHABLE_CODE = YES;
				CLANG_WARN__DUPLICATE_METHOD_MATCH = YES;
				COPY_PHASE_STRIP = NO;
				DEBUG_INFORMATION_FORMAT = "dwarf-with-dsym";
				ENABLE_NS_ASSERTIONS = NO;
				ENABLE_STRICT_OBJC_MSGSEND = YES;
				ENABLE_USER_SCRIPT_SANDBOXING = YES;
				GCC_C_LANGUAGE_STANDARD = gnu17;
				GCC_NO_COMMON_BLOCKS = YES;
				GCC_WARN_64_TO_32_BIT_CONVERSION = YES;
				GCC_WARN_ABOUT_RETURN_TYPE = YES_ERROR;
				GCC_WARN_UNDECLARED_SELECTOR = YES;
				GCC_WARN_UNINITIALIZED_AUTOS = YES_AGGRESSIVE;
				GCC_WARN_UNUSED_FUNCTION = YES;
				GCC_WARN_UNUSED_VARIABLE = YES;
				IPHONEOS_DEPLOYMENT_TARGET = 18.4;
				LOCALIZATION_PREFERS_STRING_CATALOGS = YES;
				MTL_ENABLE_DEBUG_INFO = NO;
				MTL_FAST_MATH = YES;
				SDKROOT = iphoneos;
				SWIFT_COMPILATION_MODE = wholemodule;
				VALIDATE_PRODUCT = YES;
			};
			name = Release;
		};
		7E7B71132DD24370002A80F4 /* Debug */ = {
			isa = XCBuildConfiguration;
			buildSettings = {
				ASSETCATALOG_COMPILER_APPICON_NAME = AppIcon;
				ASSETCATALOG_COMPILER_GLOBAL_ACCENT_COLOR_NAME = AccentColor;
				CODE_SIGN_STYLE = Automatic;
				CURRENT_PROJECT_VERSION = 1;
				ENABLE_PREVIEWS = YES;
				GENERATE_INFOPLIST_FILE = YES;
				INFOPLIST_KEY_UIApplicationSceneManifest_Generation = YES;
				INFOPLIST_KEY_UIApplicationSupportsIndirectInputEvents = YES;
				INFOPLIST_KEY_UILaunchScreen_Generation = YES;
				INFOPLIST_KEY_UISupportedInterfaceOrientations_iPad = "UIInterfaceOrientationPortrait UIInterfaceOrientationPortraitUpsideDown UIInterfaceOrientationLandscapeLeft UIInterfaceOrientationLandscapeRight";
				INFOPLIST_KEY_UISupportedInterfaceOrientations_iPhone = "UIInterfaceOrientationPortrait UIInterfaceOrientationLandscapeLeft UIInterfaceOrientationLandscapeRight";
				LD_RUNPATH_SEARCH_PATHS = (
					"$(inherited)",
					"@executable_path/Frameworks",
				);
				MARKETING_VERSION = 1.0;
				PRODUCT_BUNDLE_IDENTIFIER = nathanbrownbennett.MyMarkDemo;
				PRODUCT_NAME = "$(TARGET_NAME)";
				SWIFT_EMIT_LOC_STRINGS = YES;
				SWIFT_VERSION = 5.0;
				TARGETED_DEVICE_FAMILY = "1,2";
			};
			name = Debug;
		};
		7E7B71142DD24370002A80F4 /* Release */ = {
			isa = XCBuildConfiguration;
			buildSettings = {
				ASSETCATALOG_COMPILER_APPICON_NAME = AppIcon;
				ASSETCATALOG_COMPILER_GLOBAL_ACCENT_COLOR_NAME = AccentColor;
				CODE_SIGN_STYLE = Automatic;
				CURRENT_PROJECT_VERSION = 1;
				ENABLE_PREVIEWS = YES;
				GENERATE_INFOPLIST_FILE = YES;
				INFOPLIST_KEY_UIApplicationSceneManifest_Generation = YES;
				INFOPLIST_KEY_UIApplicationSupportsIndirectInputEvents = YES;
				INFOPLIST_KEY_UILaunchScreen_Generation = YES;
				INFOPLIST_KEY_UISupportedInterfaceOrientations_iPad = "UIInterfaceOrientationPortrait UIInterfaceOrientationPortraitUpsideDown UIInterfaceOrientationLandscapeLeft UIInterfaceOrientationLandscapeRight";
				INFOPLIST_KEY_UISupportedInterfaceOrientations_iPhone = "UIInterfaceOrientationPortrait UIInterfaceOrientationLandscapeLeft UIInterfaceOrientationLandscapeRight";
				LD_RUNPATH_SEARCH_PATHS = (
					"$(inherited)",
					"@executable_path/Frameworks",
				);
				MARKETING_VERSION = 1.0;
				PRODUCT_BUNDLE_IDENTIFIER = nathanbrownbennett.MyMarkDemo;
				PRODUCT_NAME = "$(TARGET_NAME)";
				SWIFT_EMIT_LOC_STRINGS = YES;
				SWIFT_VERSION = 5.0;
				TARGETED_DEVICE_FAMILY = "1,2";
			};
			name = Release;
		};
		7E7B71162DD24370002A80F4 /* Debug */ = {
			isa = XCBuildConfiguration;
			buildSettings = {
				BUNDLE_LOADER = "$(TEST_HOST)";
				CODE_SIGN_STYLE = Automatic;
				CURRENT_PROJECT_VERSION = 1;
				GENERATE_INFOPLIST_FILE = YES;
				IPHONEOS_DEPLOYMENT_TARGET = 18.4;
				MARKETING_VERSION = 1.0;
				PRODUCT_BUNDLE_IDENTIFIER = nathanbrownbennett.MyMarkDemoTests;
				PRODUCT_NAME = "$(TARGET_NAME)";
				SWIFT_EMIT_LOC_STRINGS = NO;
				SWIFT_VERSION = 5.0;
				TARGETED_DEVICE_FAMILY = "1,2";
				TEST_HOST = "$(BUILT_PRODUCTS_DIR)/MyMarkDemo.app/$(BUNDLE_EXECUTABLE_FOLDER_PATH)/MyMarkDemo";
			};
			name = Debug;
		};
		7E7B71172DD24370002A80F4 /* Release */ = {
			isa = XCBuildConfiguration;
			buildSettings = {
				BUNDLE_LOADER = "$(TEST_HOST)";
				CODE_SIGN_STYLE = Automatic;
				CURRENT_PROJECT_VERSION = 1;
				GENERATE_INFOPLIST_FILE = YES;
				IPHONEOS_DEPLOYMENT_TARGET = 18.4;
				MARKETING_VERSION = 1.0;
				PRODUCT_BUNDLE_IDENTIFIER = nathanbrownbennett.MyMarkDemoTests;
				PRODUCT_NAME = "$(TARGET_NAME)";
				SWIFT_EMIT_LOC_STRINGS = NO;
				SWIFT_VERSION = 5.0;
				TARGETED_DEVICE_FAMILY = "1,2";
				TEST_HOST = "$(BUILT_PRODUCTS_DIR)/MyMarkDemo.app/$(BUNDLE_EXECUTABLE_FOLDER_PATH)/MyMarkDemo";
			};
			name = Release;
		};
		7E7B71192DD24370002A80F4 /* Debug */ = {
			isa = XCBuildConfiguration;
			buildSettings = {
				CODE_SIGN_STYLE = Automatic;
				CURRENT_PROJECT_VERSION = 1;
				GENERATE_INFOPLIST_FILE = YES;
				MARKETING_VERSION = 1.0;
				PRODUCT_BUNDLE_IDENTIFIER = nathanbrownbennett.MyMarkDemoUITests;
				PRODUCT_NAME = "$(TARGET_NAME)";
				SWIFT_EMIT_LOC_STRINGS = NO;
				SWIFT_VERSION = 5.0;
				TARGETED_DEVICE_FAMILY = "1,2";
				TEST_TARGET_NAME = MyMarkDemo;
			};
			name = Debug;
		};
		7E7B711A2DD24370002A80F4 /* Release */ = {
			isa = XCBuildConfiguration;
			buildSettings = {
				CODE_SIGN_STYLE = Automatic;
				CURRENT_PROJECT_VERSION = 1;
				GENERATE_INFOPLIST_FILE = YES;
				MARKETING_VERSION = 1.0;
				PRODUCT_BUNDLE_IDENTIFIER = nathanbrownbennett.MyMarkDemoUITests;
				PRODUCT_NAME = "$(TARGET_NAME)";
				SWIFT_EMIT_LOC_STRINGS = NO;
				SWIFT_VERSION = 5.0;
				TARGETED_DEVICE_FAMILY = "1,2";
				TEST_TARGET_NAME = MyMarkDemo;
			};
			name = Release;
		};
/* End XCBuildConfiguration section */

/* Begin XCConfigurationList section */
		7E7B70EA2DD2436E002A80F4 /* Build configuration list for PBXProject "MyMarkDemo" */ = {
			isa = XCConfigurationList;
			buildConfigurations = (
				7E7B71102DD24370002A80F4 /* Debug */,
				7E7B71112DD24370002A80F4 /* Release */,
			);
			defaultConfigurationIsVisible = 0;
			defaultConfigurationName = Release;
		};
		7E7B71122DD24370002A80F4 /* Build configuration list for PBXNativeTarget "MyMarkDemo" */ = {
			isa = XCConfigurationList;
			buildConfigurations = (
				7E7B71132DD24370002A80F4 /* Debug */,
				7E7B71142DD24370002A80F4 /* Release */,
			);
			defaultConfigurationIsVisible = 0;
			defaultConfigurationName = Release;
		};
		7E7B71152DD24370002A80F4 /* Build configuration list for PBXNativeTarget "MyMarkDemoTests" */ = {
			isa = XCConfigurationList;
			buildConfigurations = (
				7E7B71162DD24370002A80F4 /* Debug */,
				7E7B71172DD24370002A80F4 /* Release */,
			);
			defaultConfigurationIsVisible = 0;
			defaultConfigurationName = Release;
		};
		7E7B71182DD24370002A80F4 /* Build configuration list for PBXNativeTarget "MyMarkDemoUITests" */ = {
			isa = XCConfigurationList;
			buildConfigurations = (
				7E7B71192DD24370002A80F4 /* Debug */,
				7E7B711A2DD24370002A80F4 /* Release */,
			);
			defaultConfigurationIsVisible = 0;
			defaultConfigurationName = Release;
		};
/* End XCConfigurationList section */
	};
	rootObject = 7E7B70E72DD2436E002A80F4 /* Project object */;
}
